
Microsoft Visual Studio Solution File, Format Version 12.00
# Visual Studio Version 16
VisualStudioVersion = 16.0.31410.357
MinimumVisualStudioVersion = 10.0.40219.1
Project("{9A19103F-16F7-4668-BE54-9A1E7A4F7556}") = "ridestyler.customer.feed.visionwheel", "ridestyler.customer.feed.visionwheel\ridestyler.customer.feed.visionwheel.csproj", "{4A0B296B-CCDB-48F7-8489-3E5F0D8CE6F9}"
EndProject
Project("{9A19103F-16F7-4668-BE54-9A1E7A4F7556}") = "ridestyler.core.feed", "..\ridestyler.core.feed\ridestyler.core.feed\ridestyler.core.feed.csproj", "{BE453C2F-C286-4CF5-B7AB-220CECAB09A4}"
EndProject
Global
	GlobalSection(SolutionConfigurationPlatforms) = preSolution
		Debug|Any CPU = Debug|Any CPU
		Release|Any CPU = Release|Any CPU
	EndGlobalSection
	GlobalSection(ProjectConfigurationPlatforms) = postSolution
		{4A0B296B-CCDB-48F7-8489-3E5F0D8CE6F9}.Debug|Any CPU.ActiveCfg = Debug|Any CPU
		{4A0B296B-CCDB-48F7-8489-3E5F0D8CE6F9}.Debug|Any CPU.Build.0 = Debug|Any CPU
		{4A0B296B-CCDB-48F7-8489-3E5F0D8CE6F9}.Release|Any CPU.ActiveCfg = Release|Any CPU
		{4A0B296B-CCDB-48F7-8489-3E5F0D8CE6F9}.Release|Any CPU.Build.0 = Release|Any CPU
		{BE453C2F-C286-4CF5-B7AB-220CECAB09A4}.Debug|Any CPU.ActiveCfg = Debug|Any CPU
		{BE453C2F-C286-4CF5-B7AB-220CECAB09A4}.Debug|Any CPU.Build.0 = Debug|Any CPU
		{BE453C2F-C286-4CF5-B7AB-220CECAB09A4}.Release|Any CPU.ActiveCfg = Release|Any CPU
		{BE453C2F-C286-4CF5-B7AB-220CECAB09A4}.Release|Any CPU.Build.0 = Release|Any CPU
	EndGlobalSection
	GlobalSection(SolutionProperties) = preSolution
		HideSolutionNode = FALSE
	EndGlobalSection
	GlobalSection(ExtensibilityGlobals) = postSolution
		SolutionGuid = {DACFFB66-13D8-489B-B8D7-D3B93EA78AB8}
	EndGlobalSection
EndGlobal
